
Microsoft Visual Studio Solution File, Format Version 12.00
# Visual Studio Version 17
VisualStudioVersion = 17.0.31903.59
MinimumVisualStudioVersion = 10.0.40219.1
Project("{2150E333-8FDC-42A3-9474-1A3956D46DE8}") = "src", "src", "{827E0CD3-B72D-47B6-A68D-7590B98EB39B}"
EndProject
Project("{FAE04EC0-301F-11D3-BF4B-00C04F79EFBC}") = "APX.Api", "src\APX.Api\APX.Api.csproj", "{06065468-EB56-47C3-AA15-FDE470C2FE88}"
EndProject
Project("{FAE04EC0-301F-11D3-BF4B-00C04F79EFBC}") = "APX.Application", "src\APX.Application\APX.Application.csproj", "{6167CF27-AC9B-442D-B3A3-ECD324EC62D6}"
EndProject
Project("{FAE04EC0-301F-11D3-BF4B-00C04F79EFBC}") = "APX.Domain", "src\APX.Domain\APX.Domain.csproj", "{F849CE1F-C334-4C82-9F59-86315C678FCB}"
EndProject
Project("{FAE04EC0-301F-11D3-BF4B-00C04F79EFBC}") = "APX.Infrastructure", "src\APX.Infrastructure\APX.Infrastructure.csproj", "{F8FBD7DA-FF4D-4E81-B85A-C0719C584CE8}"
EndProject
Project("{2150E333-8FDC-42A3-9474-1A3956D46DE8}") = "tests", "tests", "{0AB3BF05-4346-4AA6-1389-037BE0695223}"
EndProject
Project("{FAE04EC0-301F-11D3-BF4B-00C04F79EFBC}") = "APX.Tests", "tests\APX.Tests\APX.Tests.csproj", "{238AF58D-BA59-4B14-BBDB-ADE4C0931398}"
EndProject
Global
	GlobalSection(SolutionConfigurationPlatforms) = preSolution
		Debug|Any CPU = Debug|Any CPU
		Debug|x64 = Debug|x64
		Debug|x86 = Debug|x86
		Release|Any CPU = Release|Any CPU
		Release|x64 = Release|x64
		Release|x86 = Release|x86
	EndGlobalSection
	GlobalSection(ProjectConfigurationPlatforms) = postSolution
		{06065468-EB56-47C3-AA15-FDE470C2FE88}.Debug|Any CPU.ActiveCfg = Debug|Any CPU
		{06065468-EB56-47C3-AA15-FDE470C2FE88}.Debug|Any CPU.Build.0 = Debug|Any CPU
		{06065468-EB56-47C3-AA15-FDE470C2FE88}.Debug|x64.ActiveCfg = Debug|Any CPU
		{06065468-EB56-47C3-AA15-FDE470C2FE88}.Debug|x64.Build.0 = Debug|Any CPU
		{06065468-EB56-47C3-AA15-FDE470C2FE88}.Debug|x86.ActiveCfg = Debug|Any CPU
		{06065468-EB56-47C3-AA15-FDE470C2FE88}.Debug|x86.Build.0 = Debug|Any CPU
		{06065468-EB56-47C3-AA15-FDE470C2FE88}.Release|Any CPU.ActiveCfg = Release|Any CPU
		{06065468-EB56-47C3-AA15-FDE470C2FE88}.Release|Any CPU.Build.0 = Release|Any CPU
		{06065468-EB56-47C3-AA15-FDE470C2FE88}.Release|x64.ActiveCfg = Release|Any CPU
		{06065468-EB56-47C3-AA15-FDE470C2FE88}.Release|x64.Build.0 = Release|Any CPU
		{06065468-EB56-47C3-AA15-FDE470C2FE88}.Release|x86.ActiveCfg = Release|Any CPU
		{06065468-EB56-47C3-AA15-FDE470C2FE88}.Release|x86.Build.0 = Release|Any CPU
		{6167CF27-AC9B-442D-B3A3-ECD324EC62D6}.Debug|Any CPU.ActiveCfg = Debug|Any CPU
		{6167CF27-AC9B-442D-B3A3-ECD324EC62D6}.Debug|Any CPU.Build.0 = Debug|Any CPU
		{6167CF27-AC9B-442D-B3A3-ECD324EC62D6}.Debug|x64.ActiveCfg = Debug|Any CPU
		{6167CF27-AC9B-442D-B3A3-ECD324EC62D6}.Debug|x64.Build.0 = Debug|Any CPU
		{6167CF27-AC9B-442D-B3A3-ECD324EC62D6}.Debug|x86.ActiveCfg = Debug|Any CPU
		{6167CF27-AC9B-442D-B3A3-ECD324EC62D6}.Debug|x86.Build.0 = Debug|Any CPU
		{6167CF27-AC9B-442D-B3A3-ECD324EC62D6}.Release|Any CPU.ActiveCfg = Release|Any CPU
		{6167CF27-AC9B-442D-B3A3-ECD324EC62D6}.Release|Any CPU.Build.0 = Release|Any CPU
		{6167CF27-AC9B-442D-B3A3-ECD324EC62D6}.Release|x64.ActiveCfg = Release|Any CPU
		{6167CF27-AC9B-442D-B3A3-ECD324EC62D6}.Release|x64.Build.0 = Release|Any CPU
		{6167CF27-AC9B-442D-B3A3-ECD324EC62D6}.Release|x86.ActiveCfg = Release|Any CPU
		{6167CF27-AC9B-442D-B3A3-ECD324EC62D6}.Release|x86.Build.0 = Release|Any CPU
		{F849CE1F-C334-4C82-9F59-86315C678FCB}.Debug|Any CPU.ActiveCfg = Debug|Any CPU
		{F849CE1F-C334-4C82-9F59-86315C678FCB}.Debug|Any CPU.Build.0 = Debug|Any CPU
		{F849CE1F-C334-4C82-9F59-86315C678FCB}.Debug|x64.ActiveCfg = Debug|Any CPU
		{F849CE1F-C334-4C82-9F59-86315C678FCB}.Debug|x64.Build.0 = Debug|Any CPU
		{F849CE1F-C334-4C82-9F59-86315C678FCB}.Debug|x86.ActiveCfg = Debug|Any CPU
		{F849CE1F-C334-4C82-9F59-86315C678FCB}.Debug|x86.Build.0 = Debug|Any CPU
		{F849CE1F-C334-4C82-9F59-86315C678FCB}.Release|Any CPU.ActiveCfg = Release|Any CPU
		{F849CE1F-C334-4C82-9F59-86315C678FCB}.Release|Any CPU.Build.0 = Release|Any CPU
		{F849CE1F-C334-4C82-9F59-86315C678FCB}.Release|x64.ActiveCfg = Release|Any CPU
		{F849CE1F-C334-4C82-9F59-86315C678FCB}.Release|x64.Build.0 = Release|Any CPU
		{F849CE1F-C334-4C82-9F59-86315C678FCB}.Release|x86.ActiveCfg = Release|Any CPU
		{F849CE1F-C334-4C82-9F59-86315C678FCB}.Release|x86.Build.0 = Release|Any CPU
		{F8FBD7DA-FF4D-4E81-B85A-C0719C584CE8}.Debug|Any CPU.ActiveCfg = Debug|Any CPU
		{F8FBD7DA-FF4D-4E81-B85A-C0719C584CE8}.Debug|Any CPU.Build.0 = Debug|Any CPU
		{F8FBD7DA-FF4D-4E81-B85A-C0719C584CE8}.Debug|x64.ActiveCfg = Debug|Any CPU
		{F8FBD7DA-FF4D-4E81-B85A-C0719C584CE8}.Debug|x64.Build.0 = Debug|Any CPU
		{F8FBD7DA-FF4D-4E81-B85A-C0719C584CE8}.Debug|x86.ActiveCfg = Debug|Any CPU
		{F8FBD7DA-FF4D-4E81-B85A-C0719C584CE8}.Debug|x86.Build.0 = Debug|Any CPU
		{F8FBD7DA-FF4D-4E81-B85A-C0719C584CE8}.Release|Any CPU.ActiveCfg = Release|Any CPU
		{F8FBD7DA-FF4D-4E81-B85A-C0719C584CE8}.Release|Any CPU.Build.0 = Release|Any CPU
		{F8FBD7DA-FF4D-4E81-B85A-C0719C584CE8}.Release|x64.ActiveCfg = Release|Any CPU
		{F8FBD7DA-FF4D-4E81-B85A-C0719C584CE8}.Release|x64.Build.0 = Release|Any CPU
		{F8FBD7DA-FF4D-4E81-B85A-C0719C584CE8}.Release|x86.ActiveCfg = Release|Any CPU
		{F8FBD7DA-FF4D-4E81-B85A-C0719C584CE8}.Release|x86.Build.0 = Release|Any CPU
		{238AF58D-BA59-4B14-BBDB-ADE4C0931398}.Debug|Any CPU.ActiveCfg = Debug|Any CPU
		{238AF58D-BA59-4B14-BBDB-ADE4C0931398}.Debug|Any CPU.Build.0 = Debug|Any CPU
		{238AF58D-BA59-4B14-BBDB-ADE4C0931398}.Debug|x64.ActiveCfg = Debug|Any CPU
		{238AF58D-BA59-4B14-BBDB-ADE4C0931398}.Debug|x64.Build.0 = Debug|Any CPU
		{238AF58D-BA59-4B14-BBDB-ADE4C0931398}.Debug|x86.ActiveCfg = Debug|Any CPU
		{238AF58D-BA59-4B14-BBDB-ADE4C0931398}.Debug|x86.Build.0 = Debug|Any CPU
		{238AF58D-BA59-4B14-BBDB-ADE4C0931398}.Release|Any CPU.ActiveCfg = Release|Any CPU
		{238AF58D-BA59-4B14-BBDB-ADE4C0931398}.Release|Any CPU.Build.0 = Release|Any CPU
		{238AF58D-BA59-4B14-BBDB-ADE4C0931398}.Release|x64.ActiveCfg = Release|Any CPU
		{238AF58D-BA59-4B14-BBDB-ADE4C0931398}.Release|x64.Build.0 = Release|Any CPU
		{238AF58D-BA59-4B14-BBDB-ADE4C0931398}.Release|x86.ActiveCfg = Release|Any CPU
		{238AF58D-BA59-4B14-BBDB-ADE4C0931398}.Release|x86.Build.0 = Release|Any CPU
	EndGlobalSection
	GlobalSection(SolutionProperties) = preSolution
		HideSolutionNode = FALSE
	EndGlobalSection
	GlobalSection(NestedProjects) = preSolution
		{06065468-EB56-47C3-AA15-FDE470C2FE88} = {827E0CD3-B72D-47B6-A68D-7590B98EB39B}
		{6167CF27-AC9B-442D-B3A3-ECD324EC62D6} = {827E0CD3-B72D-47B6-A68D-7590B98EB39B}
		{F849CE1F-C334-4C82-9F59-86315C678FCB} = {827E0CD3-B72D-47B6-A68D-7590B98EB39B}
		{F8FBD7DA-FF4D-4E81-B85A-C0719C584CE8} = {827E0CD3-B72D-47B6-A68D-7590B98EB39B}
		{238AF58D-BA59-4B14-BBDB-ADE4C0931398} = {0AB3BF05-4346-4AA6-1389-037BE0695223}
	EndGlobalSection
EndGlobal
